
Microsoft Visual Studio Solution File, Format Version 12.00
# Visual Studio 15
VisualStudioVersion = 15.0.27130.2036
MinimumVisualStudioVersion = 10.0.40219.1
Project("{8BC9CEB8-8B4A-11D0-8D11-00A0C91BC942}") = "Problema da mochila booleana", "Problema da mochila booleana\Problema da mochila booleana.vcxproj", "{31901F02-0B51-41AB-92FD-3FB87C32B601}"
EndProject
Global
	GlobalSection(SolutionConfigurationPlatforms) = preSolution
		Debug|x64 = Debug|x64
		Debug|x86 = Debug|x86
		Release|x64 = Release|x64
		Release|x86 = Release|x86
	EndGlobalSection
	GlobalSection(ProjectConfigurationPlatforms) = postSolution
		{31901F02-0B51-41AB-92FD-3FB87C32B601}.Debug|x64.ActiveCfg = Debug|x64
		{31901F02-0B51-41AB-92FD-3FB87C32B601}.Debug|x64.Build.0 = Debug|x64
		{31901F02-0B51-41AB-92FD-3FB87C32B601}.Debug|x86.ActiveCfg = Debug|Win32
		{31901F02-0B51-41AB-92FD-3FB87C32B601}.Debug|x86.Build.0 = Debug|Win32
		{31901F02-0B51-41AB-92FD-3FB87C32B601}.Release|x64.ActiveCfg = Release|x64
		{31901F02-0B51-41AB-92FD-3FB87C32B601}.Release|x64.Build.0 = Release|x64
		{31901F02-0B51-41AB-92FD-3FB87C32B601}.Release|x86.ActiveCfg = Release|Win32
		{31901F02-0B51-41AB-92FD-3FB87C32B601}.Release|x86.Build.0 = Release|Win32
	EndGlobalSection
	GlobalSection(SolutionProperties) = preSolution
		HideSolutionNode = FALSE
	EndGlobalSection
	GlobalSection(ExtensibilityGlobals) = postSolution
		SolutionGuid = {3AB9468D-4904-4042-8583-CC543C8B91DD}
	EndGlobalSection
EndGlobal
